
Microsoft Visual Studio Solution File, Format Version 12.00
# Visual Studio Version 17
VisualStudioVersion = 17.8.34316.72
MinimumVisualStudioVersion = 10.0.40219.1
Project("{FAE04EC0-301F-11D3-BF4B-00C04F79EFBC}") = "WebUygulamaProje1", "WebUygulamaProje1.csproj", "{2EED9602-675C-4566-B730-EFC03F2EFBD7}"
EndProject
Global
	GlobalSection(SolutionConfigurationPlatforms) = preSolution
		Debug|Any CPU = Debug|Any CPU
		Release|Any CPU = Release|Any CPU
	EndGlobalSection
	GlobalSection(ProjectConfigurationPlatforms) = postSolution
		{2EED9602-675C-4566-B730-EFC03F2EFBD7}.Debug|Any CPU.ActiveCfg = Debug|Any CPU
		{2EED9602-675C-4566-B730-EFC03F2EFBD7}.Debug|Any CPU.Build.0 = Debug|Any CPU
		{2EED9602-675C-4566-B730-EFC03F2EFBD7}.Release|Any CPU.ActiveCfg = Release|Any CPU
		{2EED9602-675C-4566-B730-EFC03F2EFBD7}.Release|Any CPU.Build.0 = Release|Any CPU
	EndGlobalSection
	GlobalSection(SolutionProperties) = preSolution
		HideSolutionNode = FALSE
	EndGlobalSection
	GlobalSection(ExtensibilityGlobals) = postSolution
		SolutionGuid = {229FBB68-9D6F-4D1C-A1C7-F69CA6A26D1A}
	EndGlobalSection
EndGlobal
